
Microsoft Visual Studio Solution File, Format Version 11.00
# Visual Studio 2010
Project("{FAE04EC0-301F-11D3-BF4B-00C04F79EFBC}") = "PixelLab.Common_SL4", "Common\PixelLab.Common_SL4.csproj", "{ACA535DF-6536-4FA4-8FFB-9CE2F05EF137}"
EndProject
Project("{FAE04EC0-301F-11D3-BF4B-00C04F79EFBC}") = "PixelLab.Common", "Common\PixelLab.Common.csproj", "{273247A2-A3C8-42D0-8463-F95FC5C0A34C}"
EndProject
Project("{FAE04EC0-301F-11D3-BF4B-00C04F79EFBC}") = "PixelLab.Wpf.Demo", "Demo\Wpf\PixelLab.Wpf.Demo.csproj", "{8D131626-B130-429D-A6F3-BB7D83A58F75}"
EndProject
Project("{FAE04EC0-301F-11D3-BF4B-00C04F79EFBC}") = "PixelLab.SL.Demo", "Demo\Silverlight\PixelLab.SL.Demo.csproj", "{966B0BD5-F6EE-42E9-AD48-4864C456F204}"
EndProject
Project("{FAE04EC0-301F-11D3-BF4B-00C04F79EFBC}") = "PixelLab.SL", "Silverlight\PixelLab.SL.csproj", "{74445E4D-56D4-40F5-A9FD-3793A014E76E}"
EndProject
Project("{FAE04EC0-301F-11D3-BF4B-00C04F79EFBC}") = "PixelLab.Wpf", "Wpf\PixelLab.Wpf.csproj", "{E4BBC94F-B837-4668-A127-E36E6DE012F5}"
EndProject
Project("{2150E333-8FDC-42A3-9474-1A3956D46DE8}") = "Silverlight", "Silverlight", "{980DC6F3-4933-4E58-AA1D-AC094FE32C23}"
EndProject
Project("{2150E333-8FDC-42A3-9474-1A3956D46DE8}") = "Windows Presentation Foundation", "Windows Presentation Foundation", "{B94EAC16-1569-43CE-8EBE-9BB8FAB753FA}"
EndProject
Project("{FAE04EC0-301F-11D3-BF4B-00C04F79EFBC}") = "PixelLab.Test_SL", "Test\Silverlight\PixelLab.Test_SL.csproj", "{AA0B1C80-97AE-49F5-8310-5A7683BE47BF}"
EndProject
Project("{FAE04EC0-301F-11D3-BF4B-00C04F79EFBC}") = "PixelLab.Core", "Core\PixelLab.Core.csproj", "{8F249828-4E5F-4B75-B3A4-F67D74518F29}"
EndProject
Global
	GlobalSection(SolutionConfigurationPlatforms) = preSolution
		Debug|Any CPU = Debug|Any CPU
		Release|Any CPU = Release|Any CPU
	EndGlobalSection
	GlobalSection(ProjectConfigurationPlatforms) = postSolution
		{ACA535DF-6536-4FA4-8FFB-9CE2F05EF137}.Debug|Any CPU.ActiveCfg = Debug|Any CPU
		{ACA535DF-6536-4FA4-8FFB-9CE2F05EF137}.Debug|Any CPU.Build.0 = Debug|Any CPU
		{ACA535DF-6536-4FA4-8FFB-9CE2F05EF137}.Release|Any CPU.ActiveCfg = Release|Any CPU
		{ACA535DF-6536-4FA4-8FFB-9CE2F05EF137}.Release|Any CPU.Build.0 = Release|Any CPU
		{273247A2-A3C8-42D0-8463-F95FC5C0A34C}.Debug|Any CPU.ActiveCfg = Debug|Any CPU
		{273247A2-A3C8-42D0-8463-F95FC5C0A34C}.Debug|Any CPU.Build.0 = Debug|Any CPU
		{273247A2-A3C8-42D0-8463-F95FC5C0A34C}.Release|Any CPU.ActiveCfg = Release|Any CPU
		{273247A2-A3C8-42D0-8463-F95FC5C0A34C}.Release|Any CPU.Build.0 = Release|Any CPU
		{8D131626-B130-429D-A6F3-BB7D83A58F75}.Debug|Any CPU.ActiveCfg = Debug|Any CPU
		{8D131626-B130-429D-A6F3-BB7D83A58F75}.Debug|Any CPU.Build.0 = Debug|Any CPU
		{8D131626-B130-429D-A6F3-BB7D83A58F75}.Release|Any CPU.ActiveCfg = Release|Any CPU
		{8D131626-B130-429D-A6F3-BB7D83A58F75}.Release|Any CPU.Build.0 = Release|Any CPU
		{966B0BD5-F6EE-42E9-AD48-4864C456F204}.Debug|Any CPU.ActiveCfg = Debug|Any CPU
		{966B0BD5-F6EE-42E9-AD48-4864C456F204}.Debug|Any CPU.Build.0 = Debug|Any CPU
		{966B0BD5-F6EE-42E9-AD48-4864C456F204}.Release|Any CPU.ActiveCfg = Release|Any CPU
		{966B0BD5-F6EE-42E9-AD48-4864C456F204}.Release|Any CPU.Build.0 = Release|Any CPU
		{74445E4D-56D4-40F5-A9FD-3793A014E76E}.Debug|Any CPU.ActiveCfg = Debug|Any CPU
		{74445E4D-56D4-40F5-A9FD-3793A014E76E}.Debug|Any CPU.Build.0 = Debug|Any CPU
		{74445E4D-56D4-40F5-A9FD-3793A014E76E}.Release|Any CPU.ActiveCfg = Release|Any CPU
		{74445E4D-56D4-40F5-A9FD-3793A014E76E}.Release|Any CPU.Build.0 = Release|Any CPU
		{E4BBC94F-B837-4668-A127-E36E6DE012F5}.Debug|Any CPU.ActiveCfg = Debug|Any CPU
		{E4BBC94F-B837-4668-A127-E36E6DE012F5}.Debug|Any CPU.Build.0 = Debug|Any CPU
		{E4BBC94F-B837-4668-A127-E36E6DE012F5}.Release|Any CPU.ActiveCfg = Release|Any CPU
		{E4BBC94F-B837-4668-A127-E36E6DE012F5}.Release|Any CPU.Build.0 = Release|Any CPU
		{AA0B1C80-97AE-49F5-8310-5A7683BE47BF}.Debug|Any CPU.ActiveCfg = Debug|Any CPU
		{AA0B1C80-97AE-49F5-8310-5A7683BE47BF}.Debug|Any CPU.Build.0 = Debug|Any CPU
		{AA0B1C80-97AE-49F5-8310-5A7683BE47BF}.Release|Any CPU.ActiveCfg = Release|Any CPU
		{AA0B1C80-97AE-49F5-8310-5A7683BE47BF}.Release|Any CPU.Build.0 = Release|Any CPU
		{8F249828-4E5F-4B75-B3A4-F67D74518F29}.Debug|Any CPU.ActiveCfg = Debug|Any CPU
		{8F249828-4E5F-4B75-B3A4-F67D74518F29}.Debug|Any CPU.Build.0 = Debug|Any CPU
		{8F249828-4E5F-4B75-B3A4-F67D74518F29}.Release|Any CPU.ActiveCfg = Release|Any CPU
		{8F249828-4E5F-4B75-B3A4-F67D74518F29}.Release|Any CPU.Build.0 = Release|Any CPU
	EndGlobalSection
	GlobalSection(SolutionProperties) = preSolution
		HideSolutionNode = FALSE
	EndGlobalSection
	GlobalSection(NestedProjects) = preSolution
		{966B0BD5-F6EE-42E9-AD48-4864C456F204} = {980DC6F3-4933-4E58-AA1D-AC094FE32C23}
		{74445E4D-56D4-40F5-A9FD-3793A014E76E} = {980DC6F3-4933-4E58-AA1D-AC094FE32C23}
		{ACA535DF-6536-4FA4-8FFB-9CE2F05EF137} = {980DC6F3-4933-4E58-AA1D-AC094FE32C23}
		{AA0B1C80-97AE-49F5-8310-5A7683BE47BF} = {980DC6F3-4933-4E58-AA1D-AC094FE32C23}
		{8D131626-B130-429D-A6F3-BB7D83A58F75} = {B94EAC16-1569-43CE-8EBE-9BB8FAB753FA}
		{E4BBC94F-B837-4668-A127-E36E6DE012F5} = {B94EAC16-1569-43CE-8EBE-9BB8FAB753FA}
		{273247A2-A3C8-42D0-8463-F95FC5C0A34C} = {B94EAC16-1569-43CE-8EBE-9BB8FAB753FA}
		{8F249828-4E5F-4B75-B3A4-F67D74518F29} = {B94EAC16-1569-43CE-8EBE-9BB8FAB753FA}
	EndGlobalSection
EndGlobal
