
Microsoft Visual Studio Solution File, Format Version 11.00
# Visual Studio 2010
Project("{2150E333-8FDC-42A3-9474-1A3956D46DE8}") = "net40-client", "net40-client", "{8FAED319-6ACE-42A1-B34C-F48DE0D94562}"
EndProject
Project("{FAE04EC0-301F-11D3-BF4B-00C04F79EFBC}") = "PixelLab.Core", "net40-client\Core\PixelLab.Core.csproj", "{5F336B0C-827C-4E1B-B0FF-53EC17B299A1}"
EndProject
Project("{FAE04EC0-301F-11D3-BF4B-00C04F79EFBC}") = "PixelLab.Common", "net40-client\Common\PixelLab.Common.csproj", "{197F9FE2-E446-48FE-9A51-114918153426}"
EndProject
Project("{FAE04EC0-301F-11D3-BF4B-00C04F79EFBC}") = "PixelLab.Wpf", "net40-client\Bot\PixelLab.Wpf.csproj", "{E835A348-A6D1-4423-B749-0006B5700C35}"
EndProject
Project("{FAE04EC0-301F-11D3-BF4B-00C04F79EFBC}") = "PixelLab.Wpf.Demo", "net40-client\Bot.Demo\PixelLab.Wpf.Demo.csproj", "{17C607ED-D20B-45A7-98D6-7A955F62108A}"
EndProject
Project("{2150E333-8FDC-42A3-9474-1A3956D46DE8}") = "sl4", "sl4", "{0C8E5BF7-2185-48C2-ADF9-7B9A86827BF4}"
EndProject
Project("{FAE04EC0-301F-11D3-BF4B-00C04F79EFBC}") = "PixelLab.Core_SL4", "sl4\Core\PixelLab.Core_SL4.csproj", "{D79F2834-0870-4029-BA93-8539CFAEA20E}"
EndProject
Project("{FAE04EC0-301F-11D3-BF4B-00C04F79EFBC}") = "PixelLab.Common_SL4", "sl4\Common\PixelLab.Common_SL4.csproj", "{9533C336-6070-478D-AA69-FD81D055AD40}"
EndProject
Project("{FAE04EC0-301F-11D3-BF4B-00C04F79EFBC}") = "PixelLab.SL", "sl4\SL4\PixelLab.SL.csproj", "{7EFDBF36-BF2E-491B-9A16-3964361BE1C7}"
EndProject
Project("{FAE04EC0-301F-11D3-BF4B-00C04F79EFBC}") = "PixelLab.SL.Demo", "sl4\SL4.Demo\PixelLab.SL.Demo.csproj", "{521623EC-691A-46D8-A8D4-6C605ACD47DD}"
EndProject
Project("{FAE04EC0-301F-11D3-BF4B-00C04F79EFBC}") = "PixelLab.Test_SL", "sl4\Test\PixelLab.Test_SL.csproj", "{E6F34DD6-9449-4FCF-8DFC-4922AE6E99C4}"
EndProject
Global
	GlobalSection(SolutionConfigurationPlatforms) = preSolution
		Debug|Any CPU = Debug|Any CPU
		Release|Any CPU = Release|Any CPU
	EndGlobalSection
	GlobalSection(ProjectConfigurationPlatforms) = postSolution
		{5F336B0C-827C-4E1B-B0FF-53EC17B299A1}.Debug|Any CPU.ActiveCfg = Debug|Any CPU
		{5F336B0C-827C-4E1B-B0FF-53EC17B299A1}.Debug|Any CPU.Build.0 = Debug|Any CPU
		{5F336B0C-827C-4E1B-B0FF-53EC17B299A1}.Release|Any CPU.ActiveCfg = Release|Any CPU
		{5F336B0C-827C-4E1B-B0FF-53EC17B299A1}.Release|Any CPU.Build.0 = Release|Any CPU
		{197F9FE2-E446-48FE-9A51-114918153426}.Debug|Any CPU.ActiveCfg = Debug|Any CPU
		{197F9FE2-E446-48FE-9A51-114918153426}.Debug|Any CPU.Build.0 = Debug|Any CPU
		{197F9FE2-E446-48FE-9A51-114918153426}.Release|Any CPU.ActiveCfg = Release|Any CPU
		{197F9FE2-E446-48FE-9A51-114918153426}.Release|Any CPU.Build.0 = Release|Any CPU
		{E835A348-A6D1-4423-B749-0006B5700C35}.Debug|Any CPU.ActiveCfg = Debug|Any CPU
		{E835A348-A6D1-4423-B749-0006B5700C35}.Debug|Any CPU.Build.0 = Debug|Any CPU
		{E835A348-A6D1-4423-B749-0006B5700C35}.Release|Any CPU.ActiveCfg = Release|Any CPU
		{E835A348-A6D1-4423-B749-0006B5700C35}.Release|Any CPU.Build.0 = Release|Any CPU
		{17C607ED-D20B-45A7-98D6-7A955F62108A}.Debug|Any CPU.ActiveCfg = Debug|Any CPU
		{17C607ED-D20B-45A7-98D6-7A955F62108A}.Debug|Any CPU.Build.0 = Debug|Any CPU
		{17C607ED-D20B-45A7-98D6-7A955F62108A}.Release|Any CPU.ActiveCfg = Release|Any CPU
		{17C607ED-D20B-45A7-98D6-7A955F62108A}.Release|Any CPU.Build.0 = Release|Any CPU
		{D79F2834-0870-4029-BA93-8539CFAEA20E}.Debug|Any CPU.ActiveCfg = Debug|Any CPU
		{D79F2834-0870-4029-BA93-8539CFAEA20E}.Debug|Any CPU.Build.0 = Debug|Any CPU
		{D79F2834-0870-4029-BA93-8539CFAEA20E}.Release|Any CPU.ActiveCfg = Release|Any CPU
		{D79F2834-0870-4029-BA93-8539CFAEA20E}.Release|Any CPU.Build.0 = Release|Any CPU
		{9533C336-6070-478D-AA69-FD81D055AD40}.Debug|Any CPU.ActiveCfg = Debug|Any CPU
		{9533C336-6070-478D-AA69-FD81D055AD40}.Debug|Any CPU.Build.0 = Debug|Any CPU
		{9533C336-6070-478D-AA69-FD81D055AD40}.Release|Any CPU.ActiveCfg = Release|Any CPU
		{9533C336-6070-478D-AA69-FD81D055AD40}.Release|Any CPU.Build.0 = Release|Any CPU
		{7EFDBF36-BF2E-491B-9A16-3964361BE1C7}.Debug|Any CPU.ActiveCfg = Debug|Any CPU
		{7EFDBF36-BF2E-491B-9A16-3964361BE1C7}.Debug|Any CPU.Build.0 = Debug|Any CPU
		{7EFDBF36-BF2E-491B-9A16-3964361BE1C7}.Release|Any CPU.ActiveCfg = Release|Any CPU
		{7EFDBF36-BF2E-491B-9A16-3964361BE1C7}.Release|Any CPU.Build.0 = Release|Any CPU
		{521623EC-691A-46D8-A8D4-6C605ACD47DD}.Debug|Any CPU.ActiveCfg = Debug|Any CPU
		{521623EC-691A-46D8-A8D4-6C605ACD47DD}.Debug|Any CPU.Build.0 = Debug|Any CPU
		{521623EC-691A-46D8-A8D4-6C605ACD47DD}.Release|Any CPU.ActiveCfg = Release|Any CPU
		{521623EC-691A-46D8-A8D4-6C605ACD47DD}.Release|Any CPU.Build.0 = Release|Any CPU
		{E6F34DD6-9449-4FCF-8DFC-4922AE6E99C4}.Debug|Any CPU.ActiveCfg = Debug|Any CPU
		{E6F34DD6-9449-4FCF-8DFC-4922AE6E99C4}.Debug|Any CPU.Build.0 = Debug|Any CPU
		{E6F34DD6-9449-4FCF-8DFC-4922AE6E99C4}.Release|Any CPU.ActiveCfg = Release|Any CPU
		{E6F34DD6-9449-4FCF-8DFC-4922AE6E99C4}.Release|Any CPU.Build.0 = Release|Any CPU
	EndGlobalSection
	GlobalSection(SolutionProperties) = preSolution
		HideSolutionNode = FALSE
	EndGlobalSection
	GlobalSection(NestedProjects) = preSolution
		{5F336B0C-827C-4E1B-B0FF-53EC17B299A1} = {8FAED319-6ACE-42A1-B34C-F48DE0D94562}
		{197F9FE2-E446-48FE-9A51-114918153426} = {8FAED319-6ACE-42A1-B34C-F48DE0D94562}
		{E835A348-A6D1-4423-B749-0006B5700C35} = {8FAED319-6ACE-42A1-B34C-F48DE0D94562}
		{17C607ED-D20B-45A7-98D6-7A955F62108A} = {8FAED319-6ACE-42A1-B34C-F48DE0D94562}
		{D79F2834-0870-4029-BA93-8539CFAEA20E} = {0C8E5BF7-2185-48C2-ADF9-7B9A86827BF4}
		{9533C336-6070-478D-AA69-FD81D055AD40} = {0C8E5BF7-2185-48C2-ADF9-7B9A86827BF4}
		{7EFDBF36-BF2E-491B-9A16-3964361BE1C7} = {0C8E5BF7-2185-48C2-ADF9-7B9A86827BF4}
		{521623EC-691A-46D8-A8D4-6C605ACD47DD} = {0C8E5BF7-2185-48C2-ADF9-7B9A86827BF4}
		{E6F34DD6-9449-4FCF-8DFC-4922AE6E99C4} = {0C8E5BF7-2185-48C2-ADF9-7B9A86827BF4}
	EndGlobalSection
EndGlobal
