
Microsoft Visual Studio Solution File, Format Version 11.00
# Visual Studio 2010
Project("{FAE04EC0-301F-11D3-BF4B-00C04F79EFBC}") = "PixelLab.Mac.Demo", "PixelLab.Mac.Demo\PixelLab.Mac.Demo.csproj", "{01CE8030-0F8C-4D43-A01A-4495BCE9FBD3}"
EndProject
Project("{FAE04EC0-301F-11D3-BF4B-00C04F79EFBC}") = "PixelLab.Common_MonoMac", "PixelLab.Common\PixelLab.Common_MonoMac.csproj", "{273247A2-A3C8-42D0-8463-F95FC5C0A34C}"
EndProject
Global
	GlobalSection(SolutionConfigurationPlatforms) = preSolution
		Debug|Any CPU = Debug|Any CPU
		Release|Any CPU = Release|Any CPU
	EndGlobalSection
	GlobalSection(ProjectConfigurationPlatforms) = postSolution
		{01CE8030-0F8C-4D43-A01A-4495BCE9FBD3}.Debug|Any CPU.ActiveCfg = Debug|Any CPU
		{01CE8030-0F8C-4D43-A01A-4495BCE9FBD3}.Debug|Any CPU.Build.0 = Debug|Any CPU
		{01CE8030-0F8C-4D43-A01A-4495BCE9FBD3}.Release|Any CPU.ActiveCfg = Release|Any CPU
		{01CE8030-0F8C-4D43-A01A-4495BCE9FBD3}.Release|Any CPU.Build.0 = Release|Any CPU
		{273247A2-A3C8-42D0-8463-F95FC5C0A34C}.Debug|Any CPU.ActiveCfg = Debug|Any CPU
		{273247A2-A3C8-42D0-8463-F95FC5C0A34C}.Debug|Any CPU.Build.0 = Debug|Any CPU
		{273247A2-A3C8-42D0-8463-F95FC5C0A34C}.Release|Any CPU.ActiveCfg = Release|Any CPU
		{273247A2-A3C8-42D0-8463-F95FC5C0A34C}.Release|Any CPU.Build.0 = Release|Any CPU
	EndGlobalSection
	GlobalSection(MonoDevelopProperties) = preSolution
		StartupItem = PixelLab.Mac.Demo\PixelLab.Mac.Demo.csproj
	EndGlobalSection
EndGlobal
