
Microsoft Visual Studio Solution File, Format Version 11.00
# Visual Studio 2010
Project("{FAE04EC0-301F-11D3-BF4B-00C04F79EFBC}") = "PixelLab.Common_WPF4", "PixelLab.Common\PixelLab.Common_WPF4.csproj", "{273247A2-A3C8-42D0-8463-F95FC5C0A34C}"
EndProject
Project("{FAE04EC0-301F-11D3-BF4B-00C04F79EFBC}") = "PixelLab.Wpf.Demo_WPF4", "PixelLab.Wpf.Demo\PixelLab.Wpf.Demo_WPF4.csproj", "{8D131626-B130-429D-A6F3-BB7D83A58F75}"
EndProject
Project("{FAE04EC0-301F-11D3-BF4B-00C04F79EFBC}") = "PixelLab.Wpf_4", "PixelLab.Wpf\PixelLab.Wpf_4.csproj", "{E4BBC94F-B837-4668-A127-E36E6DE012F5}"
EndProject
Global
	GlobalSection(SolutionConfigurationPlatforms) = preSolution
		Debug|Any CPU = Debug|Any CPU
		Release|Any CPU = Release|Any CPU
	EndGlobalSection
	GlobalSection(ProjectConfigurationPlatforms) = postSolution
		{273247A2-A3C8-42D0-8463-F95FC5C0A34C}.Debug|Any CPU.ActiveCfg = Debug|Any CPU
		{273247A2-A3C8-42D0-8463-F95FC5C0A34C}.Debug|Any CPU.Build.0 = Debug|Any CPU
		{273247A2-A3C8-42D0-8463-F95FC5C0A34C}.Release|Any CPU.ActiveCfg = Release|Any CPU
		{273247A2-A3C8-42D0-8463-F95FC5C0A34C}.Release|Any CPU.Build.0 = Release|Any CPU
		{8D131626-B130-429D-A6F3-BB7D83A58F75}.Debug|Any CPU.ActiveCfg = Debug|Any CPU
		{8D131626-B130-429D-A6F3-BB7D83A58F75}.Debug|Any CPU.Build.0 = Debug|Any CPU
		{8D131626-B130-429D-A6F3-BB7D83A58F75}.Release|Any CPU.ActiveCfg = Release|Any CPU
		{8D131626-B130-429D-A6F3-BB7D83A58F75}.Release|Any CPU.Build.0 = Release|Any CPU
		{E4BBC94F-B837-4668-A127-E36E6DE012F5}.Debug|Any CPU.ActiveCfg = Debug|Any CPU
		{E4BBC94F-B837-4668-A127-E36E6DE012F5}.Debug|Any CPU.Build.0 = Debug|Any CPU
		{E4BBC94F-B837-4668-A127-E36E6DE012F5}.Release|Any CPU.ActiveCfg = Release|Any CPU
		{E4BBC94F-B837-4668-A127-E36E6DE012F5}.Release|Any CPU.Build.0 = Release|Any CPU
	EndGlobalSection
	GlobalSection(SolutionProperties) = preSolution
		HideSolutionNode = FALSE
	EndGlobalSection
EndGlobal
